
Microsoft Visual Studio Solution File, Format Version 12.00
# Visual Studio Version 17
VisualStudioVersion = 17.4.33103.184
MinimumVisualStudioVersion = 10.0.40219.1
Project("{9A19103F-16F7-4668-BE54-9A1E7A4F7556}") = "CalculatorAPI", "CalculatorAPI.csproj", "{0135876C-DC0D-4480-B36B-5EBDB586073B}"
EndProject
Global
	GlobalSection(SolutionConfigurationPlatforms) = preSolution
		Debug|Any CPU = Debug|Any CPU
		Release|Any CPU = Release|Any CPU
	EndGlobalSection
	GlobalSection(ProjectConfigurationPlatforms) = postSolution
		{0135876C-DC0D-4480-B36B-5EBDB586073B}.Debug|Any CPU.ActiveCfg = Debug|Any CPU
		{0135876C-DC0D-4480-B36B-5EBDB586073B}.Debug|Any CPU.Build.0 = Debug|Any CPU
		{0135876C-DC0D-4480-B36B-5EBDB586073B}.Release|Any CPU.ActiveCfg = Release|Any CPU
		{0135876C-DC0D-4480-B36B-5EBDB586073B}.Release|Any CPU.Build.0 = Release|Any CPU
	EndGlobalSection
	GlobalSection(SolutionProperties) = preSolution
		HideSolutionNode = FALSE
	EndGlobalSection
	GlobalSection(ExtensibilityGlobals) = postSolution
		SolutionGuid = {7CC914BB-1928-4F78-837C-593274CE880F}
	EndGlobalSection
EndGlobal
